// !$*UTF8*$!
{
	archiveVersion = 1;
	classes = {
	};
	objectVersion = 55;
	objects = {

/* Begin PBXBuildFile section */
		5E188CC727FFDCA90043E2D5 /* AppDelegate.swift in Sources */ = {isa = PBXBuildFile; fileRef = 5E188CC627FFDCA90043E2D5 /* AppDelegate.swift */; };
		5E188CC927FFDCA90043E2D5 /* SceneDelegate.swift in Sources */ = {isa = PBXBuildFile; fileRef = 5E188CC827FFDCA90043E2D5 /* SceneDelegate.swift */; };
		5E188CD027FFDCAA0043E2D5 /* Assets.xcassets in Resources */ = {isa = PBXBuildFile; fileRef = 5E188CCF27FFDCAA0043E2D5 /* Assets.xcassets */; };
		5E188CD327FFDCAA0043E2D5 /* LaunchScreen.storyboard in Resources */ = {isa = PBXBuildFile; fileRef = 5E188CD127FFDCAA0043E2D5 /* LaunchScreen.storyboard */; };
		5E188CDD27FFE0610043E2D5 /* LoadingVC.swift in Sources */ = {isa = PBXBuildFile; fileRef = 5E188CDC27FFE0610043E2D5 /* LoadingVC.swift */; };
		5E188CDF27FFE0780043E2D5 /* ExchangeVC.swift in Sources */ = {isa = PBXBuildFile; fileRef = 5E188CDE27FFE0780043E2D5 /* ExchangeVC.swift */; };
		5E188CE127FFE0E90043E2D5 /* CurrenciesVC.swift in Sources */ = {isa = PBXBuildFile; fileRef = 5E188CE027FFE0E90043E2D5 /* CurrenciesVC.swift */; };
		5E188CE327FFE1440043E2D5 /* NavigationVC.swift in Sources */ = {isa = PBXBuildFile; fileRef = 5E188CE227FFE1440043E2D5 /* NavigationVC.swift */; };
		5E188CE527FFE8C00043E2D5 /* data.json in Resources */ = {isa = PBXBuildFile; fileRef = 5E188CE427FFE8C00043E2D5 /* data.json */; };
		5E188CEB27FFF1B90043E2D5 /* CurrencyData.swift in Sources */ = {isa = PBXBuildFile; fileRef = 5E188CEA27FFF1B90043E2D5 /* CurrencyData.swift */; };
		5E188CED27FFF2F20043E2D5 /* FileLoader.swift in Sources */ = {isa = PBXBuildFile; fileRef = 5E188CEC27FFF2F20043E2D5 /* FileLoader.swift */; };
		5E188CF0280000970043E2D5 /* MoneyInputs.xib in Resources */ = {isa = PBXBuildFile; fileRef = 5E188CEF280000970043E2D5 /* MoneyInputs.xib */; };
		5E188CF2280006E80043E2D5 /* MoneyInputs.swift in Sources */ = {isa = PBXBuildFile; fileRef = 5E188CF1280006E80043E2D5 /* MoneyInputs.swift */; };
		5E91EDAD2800B785005FCE38 /* CurrencyViewModel.swift in Sources */ = {isa = PBXBuildFile; fileRef = 5E91EDAC2800B785005FCE38 /* CurrencyViewModel.swift */; };
		5E91EDAF2800EF00005FCE38 /* CurrencyCell.swift in Sources */ = {isa = PBXBuildFile; fileRef = 5E91EDAE2800EF00005FCE38 /* CurrencyCell.swift */; };
		5E91EDB22800EFA7005FCE38 /* CurrencyCell.xib in Resources */ = {isa = PBXBuildFile; fileRef = 5E91EDB12800EFA7005FCE38 /* CurrencyCell.xib */; };
/* End PBXBuildFile section */

/* Begin PBXFileReference section */
		5E188CC327FFDCA90043E2D5 /* Exchange.app */ = {isa = PBXFileReference; explicitFileType = wrapper.application; includeInIndex = 0; path = Exchange.app; sourceTree = BUILT_PRODUCTS_DIR; };
		5E188CC627FFDCA90043E2D5 /* AppDelegate.swift */ = {isa = PBXFileReference; lastKnownFileType = sourcecode.swift; path = AppDelegate.swift; sourceTree = "<group>"; };
		5E188CC827FFDCA90043E2D5 /* SceneDelegate.swift */ = {isa = PBXFileReference; lastKnownFileType = sourcecode.swift; path = SceneDelegate.swift; sourceTree = "<group>"; };
		5E188CCF27FFDCAA0043E2D5 /* Assets.xcassets */ = {isa = PBXFileReference; lastKnownFileType = folder.assetcatalog; path = Assets.xcassets; sourceTree = "<group>"; };
		5E188CD227FFDCAA0043E2D5 /* Base */ = {isa = PBXFileReference; lastKnownFileType = file.storyboard; name = Base; path = Base.lproj/LaunchScreen.storyboard; sourceTree = "<group>"; };
		5E188CD427FFDCAA0043E2D5 /* Info.plist */ = {isa = PBXFileReference; lastKnownFileType = text.plist.xml; path = Info.plist; sourceTree = "<group>"; };
		5E188CDC27FFE0610043E2D5 /* LoadingVC.swift */ = {isa = PBXFileReference; lastKnownFileType = sourcecode.swift; path = LoadingVC.swift; sourceTree = "<group>"; };
		5E188CDE27FFE0780043E2D5 /* ExchangeVC.swift */ = {isa = PBXFileReference; lastKnownFileType = sourcecode.swift; path = ExchangeVC.swift; sourceTree = "<group>"; };
		5E188CE027FFE0E90043E2D5 /* CurrenciesVC.swift */ = {isa = PBXFileReference; lastKnownFileType = sourcecode.swift; path = CurrenciesVC.swift; sourceTree = "<group>"; };
		5E188CE227FFE1440043E2D5 /* NavigationVC.swift */ = {isa = PBXFileReference; lastKnownFileType = sourcecode.swift; path = NavigationVC.swift; sourceTree = "<group>"; };
		5E188CE427FFE8C00043E2D5 /* data.json */ = {isa = PBXFileReference; lastKnownFileType = text.json; path = data.json; sourceTree = "<group>"; };
		5E188CEA27FFF1B90043E2D5 /* CurrencyData.swift */ = {isa = PBXFileReference; lastKnownFileType = sourcecode.swift; path = CurrencyData.swift; sourceTree = "<group>"; };
		5E188CEC27FFF2F20043E2D5 /* FileLoader.swift */ = {isa = PBXFileReference; lastKnownFileType = sourcecode.swift; path = FileLoader.swift; sourceTree = "<group>"; };
		5E188CEF280000970043E2D5 /* MoneyInputs.xib */ = {isa = PBXFileReference; lastKnownFileType = file.xib; path = MoneyInputs.xib; sourceTree = "<group>"; };
		5E188CF1280006E80043E2D5 /* MoneyInputs.swift */ = {isa = PBXFileReference; lastKnownFileType = sourcecode.swift; path = MoneyInputs.swift; sourceTree = "<group>"; };
		5E91EDAC2800B785005FCE38 /* CurrencyViewModel.swift */ = {isa = PBXFileReference; lastKnownFileType = sourcecode.swift; path = CurrencyViewModel.swift; sourceTree = "<group>"; };
		5E91EDAE2800EF00005FCE38 /* CurrencyCell.swift */ = {isa = PBXFileReference; lastKnownFileType = sourcecode.swift; path = CurrencyCell.swift; sourceTree = "<group>"; };
		5E91EDB12800EFA7005FCE38 /* CurrencyCell.xib */ = {isa = PBXFileReference; lastKnownFileType = file.xib; path = CurrencyCell.xib; sourceTree = "<group>"; };
/* End PBXFileReference section */

/* Begin PBXFrameworksBuildPhase section */
		5E188CC027FFDCA90043E2D5 /* Frameworks */ = {
			isa = PBXFrameworksBuildPhase;
			buildActionMask = 2147483647;
			files = (
			);
			runOnlyForDeploymentPostprocessing = 0;
		};
/* End PBXFrameworksBuildPhase section */

/* Begin PBXGroup section */
		5E188CBA27FFDCA90043E2D5 = {
			isa = PBXGroup;
			children = (
				5E188CC527FFDCA90043E2D5 /* Exchange */,
				5E188CC427FFDCA90043E2D5 /* Products */,
			);
			sourceTree = "<group>";
		};
		5E188CC427FFDCA90043E2D5 /* Products */ = {
			isa = PBXGroup;
			children = (
				5E188CC327FFDCA90043E2D5 /* Exchange.app */,
			);
			name = Products;
			sourceTree = "<group>";
		};
		5E188CC527FFDCA90043E2D5 /* Exchange */ = {
			isa = PBXGroup;
			children = (
				5E188CE927FFF19A0043E2D5 /* Helpers */,
				5E188CE827FFF1210043E2D5 /* Currencies */,
				5E188CE727FFF11A0043E2D5 /* Exchange */,
				5E188CE627FFF1140043E2D5 /* Loading */,
				5E188CC627FFDCA90043E2D5 /* AppDelegate.swift */,
				5E188CC827FFDCA90043E2D5 /* SceneDelegate.swift */,
				5E188CE227FFE1440043E2D5 /* NavigationVC.swift */,
				5E188CE427FFE8C00043E2D5 /* data.json */,
				5E188CCF27FFDCAA0043E2D5 /* Assets.xcassets */,
				5E188CD127FFDCAA0043E2D5 /* LaunchScreen.storyboard */,
				5E188CD427FFDCAA0043E2D5 /* Info.plist */,
			);
			path = Exchange;
			sourceTree = "<group>";
		};
		5E188CE627FFF1140043E2D5 /* Loading */ = {
			isa = PBXGroup;
			children = (
				5E188CDC27FFE0610043E2D5 /* LoadingVC.swift */,
				5E188CEA27FFF1B90043E2D5 /* CurrencyData.swift */,
				5E91EDAC2800B785005FCE38 /* CurrencyViewModel.swift */,
			);
			path = Loading;
			sourceTree = "<group>";
		};
		5E188CE727FFF11A0043E2D5 /* Exchange */ = {
			isa = PBXGroup;
			children = (
				5E188CEE280000530043E2D5 /* MoneyInputs */,
				5E188CDE27FFE0780043E2D5 /* ExchangeVC.swift */,
			);
			path = Exchange;
			sourceTree = "<group>";
		};
		5E188CE827FFF1210043E2D5 /* Currencies */ = {
			isa = PBXGroup;
			children = (
				5E91EDB02800EF95005FCE38 /* View */,
				5E188CE027FFE0E90043E2D5 /* CurrenciesVC.swift */,
			);
			path = Currencies;
			sourceTree = "<group>";
		};
		5E188CE927FFF19A0043E2D5 /* Helpers */ = {
			isa = PBXGroup;
			children = (
				5E188CEC27FFF2F20043E2D5 /* FileLoader.swift */,
			);
			path = Helpers;
			sourceTree = "<group>";
		};
		5E188CEE280000530043E2D5 /* MoneyInputs */ = {
			isa = PBXGroup;
			children = (
				5E188CEF280000970043E2D5 /* MoneyInputs.xib */,
				5E188CF1280006E80043E2D5 /* MoneyInputs.swift */,
			);
			path = MoneyInputs;
			sourceTree = "<group>";
		};
		5E91EDB02800EF95005FCE38 /* View */ = {
			isa = PBXGroup;
			children = (
				5E91EDAE2800EF00005FCE38 /* CurrencyCell.swift */,
				5E91EDB12800EFA7005FCE38 /* CurrencyCell.xib */,
			);
			path = View;
			sourceTree = "<group>";
		};
/* End PBXGroup section */

/* Begin PBXNativeTarget section */
		5E188CC227FFDCA90043E2D5 /* Exchange */ = {
			isa = PBXNativeTarget;
			buildConfigurationList = 5E188CD727FFDCAA0043E2D5 /* Build configuration list for PBXNativeTarget "Exchange" */;
			buildPhases = (
				5E188CBF27FFDCA90043E2D5 /* Sources */,
				5E188CC027FFDCA90043E2D5 /* Frameworks */,
				5E188CC127FFDCA90043E2D5 /* Resources */,
			);
			buildRules = (
			);
			dependencies = (
			);
			name = Exchange;
			productName = Exchange;
			productReference = 5E188CC327FFDCA90043E2D5 /* Exchange.app */;
			productType = "com.apple.product-type.application";
		};
/* End PBXNativeTarget section */

/* Begin PBXProject section */
		5E188CBB27FFDCA90043E2D5 /* Project object */ = {
			isa = PBXProject;
			attributes = {
				BuildIndependentTargetsInParallel = 1;
				LastSwiftUpdateCheck = 1330;
				LastUpgradeCheck = 1330;
				TargetAttributes = {
					5E188CC227FFDCA90043E2D5 = {
						CreatedOnToolsVersion = 13.3;
					};
				};
			};
			buildConfigurationList = 5E188CBE27FFDCA90043E2D5 /* Build configuration list for PBXProject "Exchange" */;
			compatibilityVersion = "Xcode 13.0";
			developmentRegion = en;
			hasScannedForEncodings = 0;
			knownRegions = (
				en,
				Base,
			);
			mainGroup = 5E188CBA27FFDCA90043E2D5;
			productRefGroup = 5E188CC427FFDCA90043E2D5 /* Products */;
			projectDirPath = "";
			projectRoot = "";
			targets = (
				5E188CC227FFDCA90043E2D5 /* Exchange */,
			);
		};
/* End PBXProject section */

/* Begin PBXResourcesBuildPhase section */
		5E188CC127FFDCA90043E2D5 /* Resources */ = {
			isa = PBXResourcesBuildPhase;
			buildActionMask = 2147483647;
			files = (
				5E188CD327FFDCAA0043E2D5 /* LaunchScreen.storyboard in Resources */,
				5E91EDB22800EFA7005FCE38 /* CurrencyCell.xib in Resources */,
				5E188CE527FFE8C00043E2D5 /* data.json in Resources */,
				5E188CD027FFDCAA0043E2D5 /* Assets.xcassets in Resources */,
				5E188CF0280000970043E2D5 /* MoneyInputs.xib in Resources */,
			);
			runOnlyForDeploymentPostprocessing = 0;
		};
/* End PBXResourcesBuildPhase section */

/* Begin PBXSourcesBuildPhase section */
		5E188CBF27FFDCA90043E2D5 /* Sources */ = {
			isa = PBXSourcesBuildPhase;
			buildActionMask = 2147483647;
			files = (
				5E188CE327FFE1440043E2D5 /* NavigationVC.swift in Sources */,
				5E91EDAD2800B785005FCE38 /* CurrencyViewModel.swift in Sources */,
				5E188CC727FFDCA90043E2D5 /* AppDelegate.swift in Sources */,
				5E188CED27FFF2F20043E2D5 /* FileLoader.swift in Sources */,
				5E188CC927FFDCA90043E2D5 /* SceneDelegate.swift in Sources */,
				5E188CF2280006E80043E2D5 /* MoneyInputs.swift in Sources */,
				5E91EDAF2800EF00005FCE38 /* CurrencyCell.swift in Sources */,
				5E188CDD27FFE0610043E2D5 /* LoadingVC.swift in Sources */,
				5E188CEB27FFF1B90043E2D5 /* CurrencyData.swift in Sources */,
				5E188CDF27FFE0780043E2D5 /* ExchangeVC.swift in Sources */,
				5E188CE127FFE0E90043E2D5 /* CurrenciesVC.swift in Sources */,
			);
			runOnlyForDeploymentPostprocessing = 0;
		};
/* End PBXSourcesBuildPhase section */

/* Begin PBXVariantGroup section */
		5E188CD127FFDCAA0043E2D5 /* LaunchScreen.storyboard */ = {
			isa = PBXVariantGroup;
			children = (
				5E188CD227FFDCAA0043E2D5 /* Base */,
			);
			name = LaunchScreen.storyboard;
			sourceTree = "<group>";
		};
/* End PBXVariantGroup section */

/* Begin XCBuildConfiguration section */
		5E188CD527FFDCAA0043E2D5 /* Debug */ = {
			isa = XCBuildConfiguration;
			buildSettings = {
				ALWAYS_SEARCH_USER_PATHS = NO;
				CLANG_ANALYZER_NONNULL = YES;
				CLANG_ANALYZER_NUMBER_OBJECT_CONVERSION = YES_AGGRESSIVE;
				CLANG_CXX_LANGUAGE_STANDARD = "gnu++17";
				CLANG_ENABLE_MODULES = YES;
				CLANG_ENABLE_OBJC_ARC = YES;
				CLANG_ENABLE_OBJC_WEAK = YES;
				CLANG_WARN_BLOCK_CAPTURE_AUTORELEASING = YES;
				CLANG_WARN_BOOL_CONVERSION = YES;
				CLANG_WARN_COMMA = YES;
				CLANG_WARN_CONSTANT_CONVERSION = YES;
				CLANG_WARN_DEPRECATED_OBJC_IMPLEMENTATIONS = YES;
				CLANG_WARN_DIRECT_OBJC_ISA_USAGE = YES_ERROR;
				CLANG_WARN_DOCUMENTATION_COMMENTS = YES;
				CLANG_WARN_EMPTY_BODY = YES;
				CLANG_WARN_ENUM_CONVERSION = YES;
				CLANG_WARN_INFINITE_RECURSION = YES;
				CLANG_WARN_INT_CONVERSION = YES;
				CLANG_WARN_NON_LITERAL_NULL_CONVERSION = YES;
				CLANG_WARN_OBJC_IMPLICIT_RETAIN_SELF = YES;
				CLANG_WARN_OBJC_LITERAL_CONVERSION = YES;
				CLANG_WARN_OBJC_ROOT_CLASS = YES_ERROR;
				CLANG_WARN_QUOTED_INCLUDE_IN_FRAMEWORK_HEADER = YES;
				CLANG_WARN_RANGE_LOOP_ANALYSIS = YES;
				CLANG_WARN_STRICT_PROTOTYPES = YES;
				CLANG_WARN_SUSPICIOUS_MOVE = YES;
				CLANG_WARN_UNGUARDED_AVAILABILITY = YES_AGGRESSIVE;
				CLANG_WARN_UNREACHABLE_CODE = YES;
				CLANG_WARN__DUPLICATE_METHOD_MATCH = YES;
				COPY_PHASE_STRIP = NO;
				DEBUG_INFORMATION_FORMAT = dwarf;
				ENABLE_STRICT_OBJC_MSGSEND = YES;
				ENABLE_TESTABILITY = YES;
				GCC_C_LANGUAGE_STANDARD = gnu11;
				GCC_DYNAMIC_NO_PIC = NO;
				GCC_NO_COMMON_BLOCKS = YES;
				GCC_OPTIMIZATION_LEVEL = 0;
				GCC_PREPROCESSOR_DEFINITIONS = (
					"DEBUG=1",
					"$(inherited)",
				);
				GCC_WARN_64_TO_32_BIT_CONVERSION = YES;
				GCC_WARN_ABOUT_RETURN_TYPE = YES_ERROR;
				GCC_WARN_UNDECLARED_SELECTOR = YES;
				GCC_WARN_UNINITIALIZED_AUTOS = YES_AGGRESSIVE;
				GCC_WARN_UNUSED_FUNCTION = YES;
				GCC_WARN_UNUSED_VARIABLE = YES;
				IPHONEOS_DEPLOYMENT_TARGET = 15.4;
				MTL_ENABLE_DEBUG_INFO = INCLUDE_SOURCE;
				MTL_FAST_MATH = YES;
				ONLY_ACTIVE_ARCH = YES;
				SDKROOT = iphoneos;
				SWIFT_ACTIVE_COMPILATION_CONDITIONS = DEBUG;
				SWIFT_OPTIMIZATION_LEVEL = "-Onone";
			};
			name = Debug;
		};
		5E188CD627FFDCAA0043E2D5 /* Release */ = {
			isa = XCBuildConfiguration;
			buildSettings = {
				ALWAYS_SEARCH_USER_PATHS = NO;
				CLANG_ANALYZER_NONNULL = YES;
				CLANG_ANALYZER_NUMBER_OBJECT_CONVERSION = YES_AGGRESSIVE;
				CLANG_CXX_LANGUAGE_STANDARD = "gnu++17";
				CLANG_ENABLE_MODULES = YES;
				CLANG_ENABLE_OBJC_ARC = YES;
				CLANG_ENABLE_OBJC_WEAK = YES;
				CLANG_WARN_BLOCK_CAPTURE_AUTORELEASING = YES;
				CLANG_WARN_BOOL_CONVERSION = YES;
				CLANG_WARN_COMMA = YES;
				CLANG_WARN_CONSTANT_CONVERSION = YES;
				CLANG_WARN_DEPRECATED_OBJC_IMPLEMENTATIONS = YES;
				CLANG_WARN_DIRECT_OBJC_ISA_USAGE = YES_ERROR;
				CLANG_WARN_DOCUMENTATION_COMMENTS = YES;
				CLANG_WARN_EMPTY_BODY = YES;
				CLANG_WARN_ENUM_CONVERSION = YES;
				CLANG_WARN_INFINITE_RECURSION = YES;
				CLANG_WARN_INT_CONVERSION = YES;
				CLANG_WARN_NON_LITERAL_NULL_CONVERSION = YES;
				CLANG_WARN_OBJC_IMPLICIT_RETAIN_SELF = YES;
				CLANG_WARN_OBJC_LITERAL_CONVERSION = YES;
				CLANG_WARN_OBJC_ROOT_CLASS = YES_ERROR;
				CLANG_WARN_QUOTED_INCLUDE_IN_FRAMEWORK_HEADER = YES;
				CLANG_WARN_RANGE_LOOP_ANALYSIS = YES;
				CLANG_WARN_STRICT_PROTOTYPES = YES;
				CLANG_WARN_SUSPICIOUS_MOVE = YES;
				CLANG_WARN_UNGUARDED_AVAILABILITY = YES_AGGRESSIVE;
				CLANG_WARN_UNREACHABLE_CODE = YES;
				CLANG_WARN__DUPLICATE_METHOD_MATCH = YES;
				COPY_PHASE_STRIP = NO;
				DEBUG_INFORMATION_FORMAT = "dwarf-with-dsym";
				ENABLE_NS_ASSERTIONS = NO;
				ENABLE_STRICT_OBJC_MSGSEND = YES;
				GCC_C_LANGUAGE_STANDARD = gnu11;
				GCC_NO_COMMON_BLOCKS = YES;
				GCC_WARN_64_TO_32_BIT_CONVERSION = YES;
				GCC_WARN_ABOUT_RETURN_TYPE = YES_ERROR;
				GCC_WARN_UNDECLARED_SELECTOR = YES;
				GCC_WARN_UNINITIALIZED_AUTOS = YES_AGGRESSIVE;
				GCC_WARN_UNUSED_FUNCTION = YES;
				GCC_WARN_UNUSED_VARIABLE = YES;
				IPHONEOS_DEPLOYMENT_TARGET = 15.4;
				MTL_ENABLE_DEBUG_INFO = NO;
				MTL_FAST_MATH = YES;
				SDKROOT = iphoneos;
				SWIFT_COMPILATION_MODE = wholemodule;
				SWIFT_OPTIMIZATION_LEVEL = "-O";
				VALIDATE_PRODUCT = YES;
			};
			name = Release;
		};
		5E188CD827FFDCAA0043E2D5 /* Debug */ = {
			isa = XCBuildConfiguration;
			buildSettings = {
				ASSETCATALOG_COMPILER_APPICON_NAME = AppIcon;
				ASSETCATALOG_COMPILER_GLOBAL_ACCENT_COLOR_NAME = AccentColor;
				CODE_SIGN_STYLE = Automatic;
				CURRENT_PROJECT_VERSION = 1;
				DEVELOPMENT_TEAM = 6WSW6MQ7X4;
				GENERATE_INFOPLIST_FILE = YES;
				INFOPLIST_FILE = Exchange/Info.plist;
				INFOPLIST_KEY_UIApplicationSupportsIndirectInputEvents = YES;
				INFOPLIST_KEY_UILaunchStoryboardName = LaunchScreen;
				INFOPLIST_KEY_UISupportedInterfaceOrientations_iPad = "UIInterfaceOrientationPortrait UIInterfaceOrientationPortraitUpsideDown UIInterfaceOrientationLandscapeLeft UIInterfaceOrientationLandscapeRight";
				INFOPLIST_KEY_UISupportedInterfaceOrientations_iPhone = "UIInterfaceOrientationPortrait UIInterfaceOrientationLandscapeLeft UIInterfaceOrientationLandscapeRight";
				LD_RUNPATH_SEARCH_PATHS = (
					"$(inherited)",
					"@executable_path/Frameworks",
				);
				MARKETING_VERSION = 1.0;
				PRODUCT_BUNDLE_IDENTIFIER = com.mateo.Exchange;
				PRODUCT_NAME = "$(TARGET_NAME)";
				SWIFT_EMIT_LOC_STRINGS = YES;
				SWIFT_VERSION = 5.0;
				TARGETED_DEVICE_FAMILY = "1,2";
			};
			name = Debug;
		};
		5E188CD927FFDCAA0043E2D5 /* Release */ = {
			isa = XCBuildConfiguration;
			buildSettings = {
				ASSETCATALOG_COMPILER_APPICON_NAME = AppIcon;
				ASSETCATALOG_COMPILER_GLOBAL_ACCENT_COLOR_NAME = AccentColor;
				CODE_SIGN_STYLE = Automatic;
				CURRENT_PROJECT_VERSION = 1;
				DEVELOPMENT_TEAM = 6WSW6MQ7X4;
				GENERATE_INFOPLIST_FILE = YES;
				INFOPLIST_FILE = Exchange/Info.plist;
				INFOPLIST_KEY_UIApplicationSupportsIndirectInputEvents = YES;
				INFOPLIST_KEY_UILaunchStoryboardName = LaunchScreen;
				INFOPLIST_KEY_UISupportedInterfaceOrientations_iPad = "UIInterfaceOrientationPortrait UIInterfaceOrientationPortraitUpsideDown UIInterfaceOrientationLandscapeLeft UIInterfaceOrientationLandscapeRight";
				INFOPLIST_KEY_UISupportedInterfaceOrientations_iPhone = "UIInterfaceOrientationPortrait UIInterfaceOrientationLandscapeLeft UIInterfaceOrientationLandscapeRight";
				LD_RUNPATH_SEARCH_PATHS = (
					"$(inherited)",
					"@executable_path/Frameworks",
				);
				MARKETING_VERSION = 1.0;
				PRODUCT_BUNDLE_IDENTIFIER = com.mateo.Exchange;
				PRODUCT_NAME = "$(TARGET_NAME)";
				SWIFT_EMIT_LOC_STRINGS = YES;
				SWIFT_VERSION = 5.0;
				TARGETED_DEVICE_FAMILY = "1,2";
			};
			name = Release;
		};
/* End XCBuildConfiguration section */

/* Begin XCConfigurationList section */
		5E188CBE27FFDCA90043E2D5 /* Build configuration list for PBXProject "Exchange" */ = {
			isa = XCConfigurationList;
			buildConfigurations = (
				5E188CD527FFDCAA0043E2D5 /* Debug */,
				5E188CD627FFDCAA0043E2D5 /* Release */,
			);
			defaultConfigurationIsVisible = 0;
			defaultConfigurationName = Release;
		};
		5E188CD727FFDCAA0043E2D5 /* Build configuration list for PBXNativeTarget "Exchange" */ = {
			isa = XCConfigurationList;
			buildConfigurations = (
				5E188CD827FFDCAA0043E2D5 /* Debug */,
				5E188CD927FFDCAA0043E2D5 /* Release */,
			);
			defaultConfigurationIsVisible = 0;
			defaultConfigurationName = Release;
		};
/* End XCConfigurationList section */
	};
	rootObject = 5E188CBB27FFDCA90043E2D5 /* Project object */;
}
